
Microsoft Visual Studio Solution File, Format Version 12.00
Project("{FAE04EC0-301F-11D3-BF4B-00C04F79EFBC}") = "HiNoIshi.Domain", "Domain\HiNoIshi.Domain\HiNoIshi.Domain.csproj", "{8A818C1E-3F91-46D7-87EF-3670206D0658}"
EndProject
Project("{FAE04EC0-301F-11D3-BF4B-00C04F79EFBC}") = "HiNoIshi.Services", "Services\HiNoIshi.Services\HiNoIshi.Services.csproj", "{CA02AE7E-FF58-47A3-B14E-73D374AF74DE}"
EndProject
Project("{FAE04EC0-301F-11D3-BF4B-00C04F79EFBC}") = "HiNoIshi.Infra", "Infra\HiNoIshi.Infra\HiNoIshi.Infra.csproj", "{4E573A59-9720-404E-9801-B505DF1D8531}"
EndProject
Project("{FAE04EC0-301F-11D3-BF4B-00C04F79EFBC}") = "HiNoIshi.Domain.Shared", "Domain\HiNoIshi.Domain.Shared\HiNoIshi.Domain.Shared.csproj", "{68026C9B-FBDD-4C56-8EFC-4DB673F8E7A2}"
EndProject
Project("{2150E333-8FDC-42A3-9474-1A3956D46DE8}") = "Application", "Application", "{5F95FFE2-E3A3-47B2-A862-3AF79EB2AE69}"
EndProject
Project("{2150E333-8FDC-42A3-9474-1A3956D46DE8}") = "Domain", "Domain", "{FEA8974A-0285-4374-B21D-212D5C710BEB}"
EndProject
Project("{2150E333-8FDC-42A3-9474-1A3956D46DE8}") = "Infra", "Infra", "{7633DBDA-48B1-477A-B921-7B33D238CB5D}"
EndProject
Project("{2150E333-8FDC-42A3-9474-1A3956D46DE8}") = "Services", "Services", "{BE62DA0B-B593-4F25-923E-BD8BB2D122CA}"
EndProject
Project("{2150E333-8FDC-42A3-9474-1A3956D46DE8}") = "Tests", "Tests", "{1D7ACECE-DC1C-4D67-ACDF-4F8D674A10AE}"
EndProject
Project("{FAE04EC0-301F-11D3-BF4B-00C04F79EFBC}") = "HiNoIshi.Tests", "Tests\HiNoIshi.Tests\HiNoIshi.Tests.csproj", "{057CDDCD-BC88-4397-BAD0-05058C10DDE8}"
EndProject
Project("{FAE04EC0-301F-11D3-BF4B-00C04F79EFBC}") = "HiNoIshi.App", "Application\HiNoIshi.App\HiNoIshi.App.csproj", "{33B8681B-ACC9-4A34-AFAD-FEAD4D33BC75}"
EndProject
Project("{FAE04EC0-301F-11D3-BF4B-00C04F79EFBC}") = "HiNoIshi.Api", "Services\HiNoIshi.Api\HiNoIshi.Api.csproj", "{FD1BEE15-84A1-428D-B004-F633DAE4ED0E}"
EndProject
Global
	GlobalSection(SolutionConfigurationPlatforms) = preSolution
		Debug|Any CPU = Debug|Any CPU
		Release|Any CPU = Release|Any CPU
	EndGlobalSection
	GlobalSection(ProjectConfigurationPlatforms) = postSolution
		{8A818C1E-3F91-46D7-87EF-3670206D0658}.Debug|Any CPU.ActiveCfg = Debug|Any CPU
		{8A818C1E-3F91-46D7-87EF-3670206D0658}.Debug|Any CPU.Build.0 = Debug|Any CPU
		{8A818C1E-3F91-46D7-87EF-3670206D0658}.Release|Any CPU.ActiveCfg = Release|Any CPU
		{8A818C1E-3F91-46D7-87EF-3670206D0658}.Release|Any CPU.Build.0 = Release|Any CPU
		{CA02AE7E-FF58-47A3-B14E-73D374AF74DE}.Debug|Any CPU.ActiveCfg = Debug|Any CPU
		{CA02AE7E-FF58-47A3-B14E-73D374AF74DE}.Debug|Any CPU.Build.0 = Debug|Any CPU
		{CA02AE7E-FF58-47A3-B14E-73D374AF74DE}.Release|Any CPU.ActiveCfg = Release|Any CPU
		{CA02AE7E-FF58-47A3-B14E-73D374AF74DE}.Release|Any CPU.Build.0 = Release|Any CPU
		{4E573A59-9720-404E-9801-B505DF1D8531}.Debug|Any CPU.ActiveCfg = Debug|Any CPU
		{4E573A59-9720-404E-9801-B505DF1D8531}.Debug|Any CPU.Build.0 = Debug|Any CPU
		{4E573A59-9720-404E-9801-B505DF1D8531}.Release|Any CPU.ActiveCfg = Release|Any CPU
		{4E573A59-9720-404E-9801-B505DF1D8531}.Release|Any CPU.Build.0 = Release|Any CPU
		{68026C9B-FBDD-4C56-8EFC-4DB673F8E7A2}.Debug|Any CPU.ActiveCfg = Debug|Any CPU
		{68026C9B-FBDD-4C56-8EFC-4DB673F8E7A2}.Debug|Any CPU.Build.0 = Debug|Any CPU
		{68026C9B-FBDD-4C56-8EFC-4DB673F8E7A2}.Release|Any CPU.ActiveCfg = Release|Any CPU
		{68026C9B-FBDD-4C56-8EFC-4DB673F8E7A2}.Release|Any CPU.Build.0 = Release|Any CPU
		{057CDDCD-BC88-4397-BAD0-05058C10DDE8}.Debug|Any CPU.ActiveCfg = Debug|Any CPU
		{057CDDCD-BC88-4397-BAD0-05058C10DDE8}.Debug|Any CPU.Build.0 = Debug|Any CPU
		{057CDDCD-BC88-4397-BAD0-05058C10DDE8}.Release|Any CPU.ActiveCfg = Release|Any CPU
		{057CDDCD-BC88-4397-BAD0-05058C10DDE8}.Release|Any CPU.Build.0 = Release|Any CPU
		{33B8681B-ACC9-4A34-AFAD-FEAD4D33BC75}.Debug|Any CPU.ActiveCfg = Debug|Any CPU
		{33B8681B-ACC9-4A34-AFAD-FEAD4D33BC75}.Debug|Any CPU.Build.0 = Debug|Any CPU
		{33B8681B-ACC9-4A34-AFAD-FEAD4D33BC75}.Release|Any CPU.ActiveCfg = Release|Any CPU
		{33B8681B-ACC9-4A34-AFAD-FEAD4D33BC75}.Release|Any CPU.Build.0 = Release|Any CPU
		{FD1BEE15-84A1-428D-B004-F633DAE4ED0E}.Debug|Any CPU.ActiveCfg = Debug|Any CPU
		{FD1BEE15-84A1-428D-B004-F633DAE4ED0E}.Debug|Any CPU.Build.0 = Debug|Any CPU
		{FD1BEE15-84A1-428D-B004-F633DAE4ED0E}.Release|Any CPU.ActiveCfg = Release|Any CPU
		{FD1BEE15-84A1-428D-B004-F633DAE4ED0E}.Release|Any CPU.Build.0 = Release|Any CPU
	EndGlobalSection
	GlobalSection(NestedProjects) = preSolution
		{8A818C1E-3F91-46D7-87EF-3670206D0658} = {FEA8974A-0285-4374-B21D-212D5C710BEB}
		{68026C9B-FBDD-4C56-8EFC-4DB673F8E7A2} = {FEA8974A-0285-4374-B21D-212D5C710BEB}
		{4E573A59-9720-404E-9801-B505DF1D8531} = {7633DBDA-48B1-477A-B921-7B33D238CB5D}
		{CA02AE7E-FF58-47A3-B14E-73D374AF74DE} = {BE62DA0B-B593-4F25-923E-BD8BB2D122CA}
		{057CDDCD-BC88-4397-BAD0-05058C10DDE8} = {1D7ACECE-DC1C-4D67-ACDF-4F8D674A10AE}
		{33B8681B-ACC9-4A34-AFAD-FEAD4D33BC75} = {5F95FFE2-E3A3-47B2-A862-3AF79EB2AE69}
		{FD1BEE15-84A1-428D-B004-F633DAE4ED0E} = {BE62DA0B-B593-4F25-923E-BD8BB2D122CA}
	EndGlobalSection
EndGlobal
